{"authorities":{"contracts":{"commit":"63a1af44ce0abe31075c37c3529848ebe8fe2fcb","files":{"contracts/release-manifest.json":"beb70f35185ce631f23f60b1e0b4c2d7d800cccc5b713a819cac62d596b5f509","schemas/v1alpha1/composition/bill-of-materials.schema.json":"03b2f6b27851f45133aa68b0cd8536e677eeb84ef07303582d6cdcc93b27d744","schemas/v1alpha1/composition/harness-profile.schema.json":"08936914f52b8c3b611e47ffa35f668dd177718f613907687a67b448877c39a6","schemas/v1alpha1/lifecycle/bundle-release.schema.json":"c983a8d97c70d7957e74f06413ca0158e3b7be626468bf8d217dfc5829aa5918"},"packet":"CON-005","prRun":33363060818},"zeroBill":{"commit":"97da35afff79e1582b964b613472609a613ea81b","files":{"policies/zero-bill-policy.yaml":"77c1385d014db8562be215f03a806deafb66e38c6e7faed9167f53299dadd43e","scripts/zero_bill_scan.py":"57fa7e94bf5657f0daf959d5229dfc2a53a0ab94793d1d5fa03a7513b1272fd7","task-packets/MET-003.yaml":"d0bf1bc8cb15c536433528bf7b30aa3713e5ae44cb809d749fe8f344bccf3eea"},"packet":"MET-003"}},"planningBase":"46505de17b025ade5b065d0e1021cf7c69b6f4c7","schemaVersion":"harness.planeon.ai/distribution-toolchain-lock/v1alpha1","tools":{"python":{"inventoryPath":"/etc/planeon/python-3.12.14.inventory.json","inventorySha256":"36167810c1ec56f5d5dc55410d9e528c58700ff138608e3b116f868a4d650799","path":"/opt/planeon/python/3.12.14/bin/python3","version":"3.12.14"},"uv":{"path":"/opt/planeon/bin/uv","sha256":"55936a60bff5de7ac04facb72f9e6fd0ffd9661063480224c3ab321c3f10caff","version":"0.12.7"}}}
